
Microsoft Visual Studio Solution File, Format Version 12.00
# Visual Studio Version 17
VisualStudioVersion = 17.14.36301.6
MinimumVisualStudioVersion = 10.0.40219.1
Project("{FAE04EC0-301F-11D3-BF4B-00C04F79EFBC}") = "ArcFrame", "ArcFrame.csproj", "{95DA88BC-E95C-4D28-ADD3-37E33BDF1B2A}"
EndProject
Project("{FAE04EC0-301F-11D3-BF4B-00C04F79EFBC}") = "ArcFrameTests", "..\ArcFrameTests\ArcFrameTests.csproj", "{D5443619-5317-4D0D-95B6-C90C44038139}"
EndProject
Global
	GlobalSection(SolutionConfigurationPlatforms) = preSolution
		Debug|Any CPU = Debug|Any CPU
		Release|Any CPU = Release|Any CPU
	EndGlobalSection
	GlobalSection(ProjectConfigurationPlatforms) = postSolution
		{95DA88BC-E95C-4D28-ADD3-37E33BDF1B2A}.Debug|Any CPU.ActiveCfg = Debug|Any CPU
		{95DA88BC-E95C-4D28-ADD3-37E33BDF1B2A}.Debug|Any CPU.Build.0 = Debug|Any CPU
		{95DA88BC-E95C-4D28-ADD3-37E33BDF1B2A}.Release|Any CPU.ActiveCfg = Release|Any CPU
		{95DA88BC-E95C-4D28-ADD3-37E33BDF1B2A}.Release|Any CPU.Build.0 = Release|Any CPU
		{D5443619-5317-4D0D-95B6-C90C44038139}.Debug|Any CPU.ActiveCfg = Debug|Any CPU
		{D5443619-5317-4D0D-95B6-C90C44038139}.Debug|Any CPU.Build.0 = Debug|Any CPU
		{D5443619-5317-4D0D-95B6-C90C44038139}.Release|Any CPU.ActiveCfg = Release|Any CPU
		{D5443619-5317-4D0D-95B6-C90C44038139}.Release|Any CPU.Build.0 = Release|Any CPU
	EndGlobalSection
	GlobalSection(SolutionProperties) = preSolution
		HideSolutionNode = FALSE
	EndGlobalSection
	GlobalSection(ExtensibilityGlobals) = postSolution
		SolutionGuid = {FDA00F9A-CB26-4E64-80A7-947FBC2DA04A}
	EndGlobalSection
EndGlobal
